
Microsoft Visual Studio Solution File, Format Version 12.00
# Visual Studio Version 17
VisualStudioVersion = 17.0.32014.148
MinimumVisualStudioVersion = 10.0.40219.1
Project("{FAE04EC0-301F-11D3-BF4B-00C04F79EFBC}") = "ASCIIConverter", "ASCIIConverter\ASCIIConverter.csproj", "{FC06D244-14A3-4992-8611-E40D120676B5}"
EndProject
Global
	GlobalSection(SolutionConfigurationPlatforms) = preSolution
		Debug|Any CPU = Debug|Any CPU
		Release|Any CPU = Release|Any CPU
	EndGlobalSection
	GlobalSection(ProjectConfigurationPlatforms) = postSolution
		{FC06D244-14A3-4992-8611-E40D120676B5}.Debug|Any CPU.ActiveCfg = Debug|Any CPU
		{FC06D244-14A3-4992-8611-E40D120676B5}.Debug|Any CPU.Build.0 = Debug|Any CPU
		{FC06D244-14A3-4992-8611-E40D120676B5}.Release|Any CPU.ActiveCfg = Release|Any CPU
		{FC06D244-14A3-4992-8611-E40D120676B5}.Release|Any CPU.Build.0 = Release|Any CPU
	EndGlobalSection
	GlobalSection(SolutionProperties) = preSolution
		HideSolutionNode = FALSE
	EndGlobalSection
	GlobalSection(ExtensibilityGlobals) = postSolution
		SolutionGuid = {6348DDD8-1E25-43F1-A5E6-1A8061ACEA38}
	EndGlobalSection
EndGlobal
