
Microsoft Visual Studio Solution File, Format Version 12.00
# Visual Studio Version 16
VisualStudioVersion = 16.0.31205.134
MinimumVisualStudioVersion = 10.0.40219.1
Project("{FAE04EC0-301F-11D3-BF4B-00C04F79EFBC}") = "HelloWorld", "HelloWorld\HelloWorld.csproj", "{7F8F9797-A66F-4230-8EF9-C0DD78AF67A3}"
EndProject
Global
	GlobalSection(SolutionConfigurationPlatforms) = preSolution
		Debug|Any CPU = Debug|Any CPU
		Release|Any CPU = Release|Any CPU
	EndGlobalSection
	GlobalSection(ProjectConfigurationPlatforms) = postSolution
		{7F8F9797-A66F-4230-8EF9-C0DD78AF67A3}.Debug|Any CPU.ActiveCfg = Debug|Any CPU
		{7F8F9797-A66F-4230-8EF9-C0DD78AF67A3}.Debug|Any CPU.Build.0 = Debug|Any CPU
		{7F8F9797-A66F-4230-8EF9-C0DD78AF67A3}.Release|Any CPU.ActiveCfg = Release|Any CPU
		{7F8F9797-A66F-4230-8EF9-C0DD78AF67A3}.Release|Any CPU.Build.0 = Release|Any CPU
	EndGlobalSection
	GlobalSection(SolutionProperties) = preSolution
		HideSolutionNode = FALSE
	EndGlobalSection
	GlobalSection(ExtensibilityGlobals) = postSolution
		SolutionGuid = {48083EA8-3BDC-4030-AD5F-77610E211754}
	EndGlobalSection
EndGlobal
