
Microsoft Visual Studio Solution File, Format Version 12.00
# Visual Studio Version 16
VisualStudioVersion = 16.0.31205.134
MinimumVisualStudioVersion = 10.0.40219.1
Project("{FAE04EC0-301F-11D3-BF4B-00C04F79EFBC}") = "Calculator", "Calculator\Calculator.csproj", "{982AD44A-2AB5-467F-9896-3B8F3C753142}"
EndProject
Global
	GlobalSection(SolutionConfigurationPlatforms) = preSolution
		Debug|Any CPU = Debug|Any CPU
		Release|Any CPU = Release|Any CPU
	EndGlobalSection
	GlobalSection(ProjectConfigurationPlatforms) = postSolution
		{982AD44A-2AB5-467F-9896-3B8F3C753142}.Debug|Any CPU.ActiveCfg = Debug|Any CPU
		{982AD44A-2AB5-467F-9896-3B8F3C753142}.Debug|Any CPU.Build.0 = Debug|Any CPU
		{982AD44A-2AB5-467F-9896-3B8F3C753142}.Release|Any CPU.ActiveCfg = Release|Any CPU
		{982AD44A-2AB5-467F-9896-3B8F3C753142}.Release|Any CPU.Build.0 = Release|Any CPU
	EndGlobalSection
	GlobalSection(SolutionProperties) = preSolution
		HideSolutionNode = FALSE
	EndGlobalSection
	GlobalSection(ExtensibilityGlobals) = postSolution
		SolutionGuid = {D3F17908-03E7-4A1A-ABE3-8EC861CE8F93}
	EndGlobalSection
EndGlobal
